Block:
  Hologram:
    Enabled: false
    In_Region: false
    Template: default
Life_Time:
  Enabled: false
Limits:
  Place:
    Enabled: false
Item: 1800020009km800pdlkmspb3e9gmct1qdpin8q35e9kn8pavc9m6uorb0400agrfeln78080
Name: 64x64
Region:
  Size:
    Default: 64
    Group:
      Enabled: false
      List:
        # Available values: RANK, PERMISSION
        # RANK = Get value by player's permission group. All 'Values' keys will represent permission group names.
        # PERMISSION = Get value by player's permissions. All 'Values' keys will become as suffix for 'Permission_Prefix' setting.
        Mode: RANK
        # Sets permission prefix for the 'PERMISSION' mode.
        # All 'Values' keys will be used to check if player has permission: <permission_prefix> + <key>.
        Permission_Prefix: ''
        Default_Value: 3
        Values:
          default: 3
  Deposit:
    Price: 0
    Currency_Id: Vault
  Strength: 1000000
  Recipe:
    Items:
      '1': k00010004qb4006mqqbeclhn4ob6egt62qbi0400agrfeln78000
      '9': k00010004qb4006mqqbeclhn4ob6egt62qbi0400agrfeln78000
      '8': k00010004qb4006mqqbeclhn4ob6egt62qbi0400agrfeln78000
      '7': k00010004qb4006mqqbeclhn4ob6egt62qbi0400agrfeln78000
      '6': k00010004qb4006mqqbeclhn4ob6egt62qbi0400agrfeln78000
      '5': k00010004qb4006mqqbeclhn4ob6egt62qbi0400agrfeln78000
      '4': k00010004qb4006mqqbeclhn4ob6egt62qbi0400agrfeln78000
      '3': k00010004qb4006mqqbeclhn4ob6egt62qbi0400agrfeln78000
      '2': k00010004qb4006mqqbeclhn4ob6egt62qbi0400agrfeln78000
    Enabled: false
Worlds:
- world
